// !$*UTF8*$!
{
	archiveVersion = 1;
	classes = {
	};
	objectVersion = 46;
	objects = {

/* Begin PBXBuildFile section */
		9A7746301E52E66E00CD1F6B /* SQJSWebController.m in Sources */ = {isa = PBXBuildFile; fileRef = 9A77462F1E52E66E00CD1F6B /* SQJSWebController.m */; };
		9A7DBA4A1E52E11500ED791D /* main.m in Sources */ = {isa = PBXBuildFile; fileRef = 9A7DBA491E52E11500ED791D /* main.m */; };
		9A7DBA4D1E52E11500ED791D /* AppDelegate.m in Sources */ = {isa = PBXBuildFile; fileRef = 9A7DBA4C1E52E11500ED791D /* AppDelegate.m */; };
		9A7DBA501E52E11500ED791D /* ViewController.m in Sources */ = {isa = PBXBuildFile; fileRef = 9A7DBA4F1E52E11500ED791D /* ViewController.m */; };
		9A7DBA531E52E11500ED791D /* Main.storyboard in Resources */ = {isa = PBXBuildFile; fileRef = 9A7DBA511E52E11500ED791D /* Main.storyboard */; };
		9A7DBA551E52E11500ED791D /* Assets.xcassets in Resources */ = {isa = PBXBuildFile; fileRef = 9A7DBA541E52E11500ED791D /* Assets.xcassets */; };
		9A7DBA581E52E11500ED791D /* LaunchScreen.storyboard in Resources */ = {isa = PBXBuildFile; fileRef = 9A7DBA561E52E11500ED791D /* LaunchScreen.storyboard */; };
		9A7DBA681E52E15000ED791D /* WebViewJavascriptBridge.m in Sources */ = {isa = PBXBuildFile; fileRef = 9A7DBA611E52E15000ED791D /* WebViewJavascriptBridge.m */; };
		9A7DBA691E52E15000ED791D /* WebViewJavascriptBridge_JS.m in Sources */ = {isa = PBXBuildFile; fileRef = 9A7DBA631E52E15000ED791D /* WebViewJavascriptBridge_JS.m */; };
		9A7DBA6A1E52E15000ED791D /* WebViewJavascriptBridgeBase.m in Sources */ = {isa = PBXBuildFile; fileRef = 9A7DBA651E52E15000ED791D /* WebViewJavascriptBridgeBase.m */; };
		9A7DBA6B1E52E15000ED791D /* WKWebViewJavascriptBridge.m in Sources */ = {isa = PBXBuildFile; fileRef = 9A7DBA671E52E15000ED791D /* WKWebViewJavascriptBridge.m */; };
		9A7DBA6F1E52E18300ED791D /* SQExampleHtmlPage.html in Resources */ = {isa = PBXBuildFile; fileRef = 9A7DBA6C1E52E18300ED791D /* SQExampleHtmlPage.html */; };
/* End PBXBuildFile section */

/* Begin PBXFileReference section */
		9A77462E1E52E66E00CD1F6B /* SQJSWebController.h */ = {isa = PBXFileReference; fileEncoding = 4; lastKnownFileType = sourcecode.c.h; path = SQJSWebController.h; sourceTree = "<group>"; };
		9A77462F1E52E66E00CD1F6B /* SQJSWebController.m */ = {isa = PBXFileReference; fileEncoding = 4; lastKnownFileType = sourcecode.c.objc; path = SQJSWebController.m; sourceTree = "<group>"; };
		9A7DBA451E52E11500ED791D /* OCToJS.app */ = {isa = PBXFileReference; explicitFileType = wrapper.application; includeInIndex = 0; path = OCToJS.app; sourceTree = BUILT_PRODUCTS_DIR; };
		9A7DBA491E52E11500ED791D /* main.m */ = {isa = PBXFileReference; lastKnownFileType = sourcecode.c.objc; path = main.m; sourceTree = "<group>"; };
		9A7DBA4B1E52E11500ED791D /* AppDelegate.h */ = {isa = PBXFileReference; lastKnownFileType = sourcecode.c.h; path = AppDelegate.h; sourceTree = "<group>"; };
		9A7DBA4C1E52E11500ED791D /* AppDelegate.m */ = {isa = PBXFileReference; lastKnownFileType = sourcecode.c.objc; path = AppDelegate.m; sourceTree = "<group>"; };
		9A7DBA4E1E52E11500ED791D /* ViewController.h */ = {isa = PBXFileReference; lastKnownFileType = sourcecode.c.h; path = ViewController.h; sourceTree = "<group>"; };
		9A7DBA4F1E52E11500ED791D /* ViewController.m */ = {isa = PBXFileReference; lastKnownFileType = sourcecode.c.objc; path = ViewController.m; sourceTree = "<group>"; };
		9A7DBA521E52E11500ED791D /* Base */ = {isa = PBXFileReference; lastKnownFileType = file.storyboard; name = Base; path = Base.lproj/Main.storyboard; sourceTree = "<group>"; };
		9A7DBA541E52E11500ED791D /* Assets.xcassets */ = {isa = PBXFileReference; lastKnownFileType = folder.assetcatalog; path = Assets.xcassets; sourceTree = "<group>"; };
		9A7DBA571E52E11500ED791D /* Base */ = {isa = PBXFileReference; lastKnownFileType = file.storyboard; name = Base; path = Base.lproj/LaunchScreen.storyboard; sourceTree = "<group>"; };
		9A7DBA591E52E11500ED791D /* Info.plist */ = {isa = PBXFileReference; lastKnownFileType = text.plist.xml; path = Info.plist; sourceTree = "<group>"; };
		9A7DBA601E52E15000ED791D /* WebViewJavascriptBridge.h */ = {isa = PBXFileReference; fileEncoding = 4; lastKnownFileType = sourcecode.c.h; path = WebViewJavascriptBridge.h; sourceTree = "<group>"; };
		9A7DBA611E52E15000ED791D /* WebViewJavascriptBridge.m */ = {isa = PBXFileReference; fileEncoding = 4; lastKnownFileType = sourcecode.c.objc; path = WebViewJavascriptBridge.m; sourceTree = "<group>"; };
		9A7DBA621E52E15000ED791D /* WebViewJavascriptBridge_JS.h */ = {isa = PBXFileReference; fileEncoding = 4; lastKnownFileType = sourcecode.c.h; path = WebViewJavascriptBridge_JS.h; sourceTree = "<group>"; };
		9A7DBA631E52E15000ED791D /* WebViewJavascriptBridge_JS.m */ = {isa = PBXFileReference; fileEncoding = 4; lastKnownFileType = sourcecode.c.objc; path = WebViewJavascriptBridge_JS.m; sourceTree = "<group>"; };
		9A7DBA641E52E15000ED791D /* WebViewJavascriptBridgeBase.h */ = {isa = PBXFileReference; fileEncoding = 4; lastKnownFileType = sourcecode.c.h; path = WebViewJavascriptBridgeBase.h; sourceTree = "<group>"; };
		9A7DBA651E52E15000ED791D /* WebViewJavascriptBridgeBase.m */ = {isa = PBXFileReference; fileEncoding = 4; lastKnownFileType = sourcecode.c.objc; path = WebViewJavascriptBridgeBase.m; sourceTree = "<group>"; };
		9A7DBA661E52E15000ED791D /* WKWebViewJavascriptBridge.h */ = {isa = PBXFileReference; fileEncoding = 4; lastKnownFileType = sourcecode.c.h; path = WKWebViewJavascriptBridge.h; sourceTree = "<group>"; };
		9A7DBA671E52E15000ED791D /* WKWebViewJavascriptBridge.m */ = {isa = PBXFileReference; fileEncoding = 4; lastKnownFileType = sourcecode.c.objc; path = WKWebViewJavascriptBridge.m; sourceTree = "<group>"; };
		9A7DBA6C1E52E18300ED791D /* SQExampleHtmlPage.html */ = {isa = PBXFileReference; fileEncoding = 4; lastKnownFileType = text.html; name = SQExampleHtmlPage.html; path = WebViewJavascriptBridge/SQExampleHtmlPage.html; sourceTree = "<group>"; };
/* End PBXFileReference section */

/* Begin PBXFrameworksBuildPhase section */
		9A7DBA421E52E11500ED791D /* Frameworks */ = {
			isa = PBXFrameworksBuildPhase;
			buildActionMask = 2147483647;
			files = (
			);
			runOnlyForDeploymentPostprocessing = 0;
		};
/* End PBXFrameworksBuildPhase section */

/* Begin PBXGroup section */
		9A7DBA3C1E52E11500ED791D = {
			isa = PBXGroup;
			children = (
				9A7DBA471E52E11500ED791D /* OCToJS */,
				9A7DBA461E52E11500ED791D /* Products */,
			);
			sourceTree = "<group>";
		};
		9A7DBA461E52E11500ED791D /* Products */ = {
			isa = PBXGroup;
			children = (
				9A7DBA451E52E11500ED791D /* OCToJS.app */,
			);
			name = Products;
			sourceTree = "<group>";
		};
		9A7DBA471E52E11500ED791D /* OCToJS */ = {
			isa = PBXGroup;
			children = (
				9A7DBA5F1E52E15000ED791D /* WebViewJavascriptBridge */,
				9A7DBA4B1E52E11500ED791D /* AppDelegate.h */,
				9A7DBA4C1E52E11500ED791D /* AppDelegate.m */,
				9A7DBA4E1E52E11500ED791D /* ViewController.h */,
				9A7DBA4F1E52E11500ED791D /* ViewController.m */,
				9A7DBA6C1E52E18300ED791D /* SQExampleHtmlPage.html */,
				9A77462E1E52E66E00CD1F6B /* SQJSWebController.h */,
				9A77462F1E52E66E00CD1F6B /* SQJSWebController.m */,
				9A7DBA511E52E11500ED791D /* Main.storyboard */,
				9A7DBA541E52E11500ED791D /* Assets.xcassets */,
				9A7DBA561E52E11500ED791D /* LaunchScreen.storyboard */,
				9A7DBA591E52E11500ED791D /* Info.plist */,
				9A7DBA481E52E11500ED791D /* Supporting Files */,
			);
			path = OCToJS;
			sourceTree = "<group>";
		};
		9A7DBA481E52E11500ED791D /* Supporting Files */ = {
			isa = PBXGroup;
			children = (
				9A7DBA491E52E11500ED791D /* main.m */,
			);
			name = "Supporting Files";
			sourceTree = "<group>";
		};
		9A7DBA5F1E52E15000ED791D /* WebViewJavascriptBridge */ = {
			isa = PBXGroup;
			children = (
				9A7DBA601E52E15000ED791D /* WebViewJavascriptBridge.h */,
				9A7DBA611E52E15000ED791D /* WebViewJavascriptBridge.m */,
				9A7DBA621E52E15000ED791D /* WebViewJavascriptBridge_JS.h */,
				9A7DBA631E52E15000ED791D /* WebViewJavascriptBridge_JS.m */,
				9A7DBA641E52E15000ED791D /* WebViewJavascriptBridgeBase.h */,
				9A7DBA651E52E15000ED791D /* WebViewJavascriptBridgeBase.m */,
				9A7DBA661E52E15000ED791D /* WKWebViewJavascriptBridge.h */,
				9A7DBA671E52E15000ED791D /* WKWebViewJavascriptBridge.m */,
			);
			path = WebViewJavascriptBridge;
			sourceTree = "<group>";
		};
/* End PBXGroup section */

/* Begin PBXNativeTarget section */
		9A7DBA441E52E11500ED791D /* OCToJS */ = {
			isa = PBXNativeTarget;
			buildConfigurationList = 9A7DBA5C1E52E11500ED791D /* Build configuration list for PBXNativeTarget "OCToJS" */;
			buildPhases = (
				9A7DBA411E52E11500ED791D /* Sources */,
				9A7DBA421E52E11500ED791D /* Frameworks */,
				9A7DBA431E52E11500ED791D /* Resources */,
			);
			buildRules = (
			);
			dependencies = (
			);
			name = OCToJS;
			productName = OCToJS;
			productReference = 9A7DBA451E52E11500ED791D /* OCToJS.app */;
			productType = "com.apple.product-type.application";
		};
/* End PBXNativeTarget section */

/* Begin PBXProject section */
		9A7DBA3D1E52E11500ED791D /* Project object */ = {
			isa = PBXProject;
			attributes = {
				LastUpgradeCheck = 0820;
				ORGANIZATIONNAME = "Huang Yanan";
				TargetAttributes = {
					9A7DBA441E52E11500ED791D = {
						CreatedOnToolsVersion = 8.2.1;
						DevelopmentTeam = 7SL7B4MD27;
						ProvisioningStyle = Automatic;
					};
				};
			};
			buildConfigurationList = 9A7DBA401E52E11500ED791D /* Build configuration list for PBXProject "OCToJS" */;
			compatibilityVersion = "Xcode 3.2";
			developmentRegion = English;
			hasScannedForEncodings = 0;
			knownRegions = (
				en,
				Base,
			);
			mainGroup = 9A7DBA3C1E52E11500ED791D;
			productRefGroup = 9A7DBA461E52E11500ED791D /* Products */;
			projectDirPath = "";
			projectRoot = "";
			targets = (
				9A7DBA441E52E11500ED791D /* OCToJS */,
			);
		};
/* End PBXProject section */

/* Begin PBXResourcesBuildPhase section */
		9A7DBA431E52E11500ED791D /* Resources */ = {
			isa = PBXResourcesBuildPhase;
			buildActionMask = 2147483647;
			files = (
				9A7DBA581E52E11500ED791D /* LaunchScreen.storyboard in Resources */,
				9A7DBA551E52E11500ED791D /* Assets.xcassets in Resources */,
				9A7DBA531E52E11500ED791D /* Main.storyboard in Resources */,
				9A7DBA6F1E52E18300ED791D /* SQExampleHtmlPage.html in Resources */,
			);
			runOnlyForDeploymentPostprocessing = 0;
		};
/* End PBXResourcesBuildPhase section */

/* Begin PBXSourcesBuildPhase section */
		9A7DBA411E52E11500ED791D /* Sources */ = {
			isa = PBXSourcesBuildPhase;
			buildActionMask = 2147483647;
			files = (
				9A7DBA501E52E11500ED791D /* ViewController.m in Sources */,
				9A7DBA681E52E15000ED791D /* WebViewJavascriptBridge.m in Sources */,
				9A7DBA4D1E52E11500ED791D /* AppDelegate.m in Sources */,
				9A7DBA4A1E52E11500ED791D /* main.m in Sources */,
				9A7DBA6A1E52E15000ED791D /* WebViewJavascriptBridgeBase.m in Sources */,
				9A7746301E52E66E00CD1F6B /* SQJSWebController.m in Sources */,
				9A7DBA691E52E15000ED791D /* WebViewJavascriptBridge_JS.m in Sources */,
				9A7DBA6B1E52E15000ED791D /* WKWebViewJavascriptBridge.m in Sources */,
			);
			runOnlyForDeploymentPostprocessing = 0;
		};
/* End PBXSourcesBuildPhase section */

/* Begin PBXVariantGroup section */
		9A7DBA511E52E11500ED791D /* Main.storyboard */ = {
			isa = PBXVariantGroup;
			children = (
				9A7DBA521E52E11500ED791D /* Base */,
			);
			name = Main.storyboard;
			sourceTree = "<group>";
		};
		9A7DBA561E52E11500ED791D /* LaunchScreen.storyboard */ = {
			isa = PBXVariantGroup;
			children = (
				9A7DBA571E52E11500ED791D /* Base */,
			);
			name = LaunchScreen.storyboard;
			sourceTree = "<group>";
		};
/* End PBXVariantGroup section */

/* Begin XCBuildConfiguration section */
		9A7DBA5A1E52E11500ED791D /* Debug */ = {
			isa = XCBuildConfiguration;
			buildSettings = {
				ALWAYS_SEARCH_USER_PATHS = NO;
				CLANG_ANALYZER_NONNULL = YES;
				CLANG_CXX_LANGUAGE_STANDARD = "gnu++0x";
				CLANG_CXX_LIBRARY = "libc++";
				CLANG_ENABLE_MODULES = YES;
				CLANG_ENABLE_OBJC_ARC = YES;
				CLANG_WARN_BOOL_CONVERSION = YES;
				CLANG_WARN_CONSTANT_CONVERSION = YES;
				CLANG_WARN_DIRECT_OBJC_ISA_USAGE = YES_ERROR;
				CLANG_WARN_DOCUMENTATION_COMMENTS = YES;
				CLANG_WARN_EMPTY_BODY = YES;
				CLANG_WARN_ENUM_CONVERSION = YES;
				CLANG_WARN_INFINITE_RECURSION = YES;
				CLANG_WARN_INT_CONVERSION = YES;
				CLANG_WARN_OBJC_ROOT_CLASS = YES_ERROR;
				CLANG_WARN_SUSPICIOUS_MOVE = YES;
				CLANG_WARN_UNREACHABLE_CODE = YES;
				CLANG_WARN__DUPLICATE_METHOD_MATCH = YES;
				"CODE_SIGN_IDENTITY[sdk=iphoneos*]" = "iPhone Developer";
				COPY_PHASE_STRIP = NO;
				DEBUG_INFORMATION_FORMAT = dwarf;
				ENABLE_STRICT_OBJC_MSGSEND = YES;
				ENABLE_TESTABILITY = YES;
				GCC_C_LANGUAGE_STANDARD = gnu99;
				GCC_DYNAMIC_NO_PIC = NO;
				GCC_NO_COMMON_BLOCKS = YES;
				GCC_OPTIMIZATION_LEVEL = 0;
				GCC_PREPROCESSOR_DEFINITIONS = (
					"DEBUG=1",
					"$(inherited)",
				);
				GCC_WARN_64_TO_32_BIT_CONVERSION = YES;
				GCC_WARN_ABOUT_RETURN_TYPE = YES_ERROR;
				GCC_WARN_UNDECLARED_SELECTOR = YES;
				GCC_WARN_UNINITIALIZED_AUTOS = YES_AGGRESSIVE;
				GCC_WARN_UNUSED_FUNCTION = YES;
				GCC_WARN_UNUSED_VARIABLE = YES;
				IPHONEOS_DEPLOYMENT_TARGET = 10.2;
				MTL_ENABLE_DEBUG_INFO = YES;
				ONLY_ACTIVE_ARCH = YES;
				SDKROOT = iphoneos;
			};
			name = Debug;
		};
		9A7DBA5B1E52E11500ED791D /* Release */ = {
			isa = XCBuildConfiguration;
			buildSettings = {
				ALWAYS_SEARCH_USER_PATHS = NO;
				CLANG_ANALYZER_NONNULL = YES;
				CLANG_CXX_LANGUAGE_STANDARD = "gnu++0x";
				CLANG_CXX_LIBRARY = "libc++";
				CLANG_ENABLE_MODULES = YES;
				CLANG_ENABLE_OBJC_ARC = YES;
				CLANG_WARN_BOOL_CONVERSION = YES;
				CLANG_WARN_CONSTANT_CONVERSION = YES;
				CLANG_WARN_DIRECT_OBJC_ISA_USAGE = YES_ERROR;
				CLANG_WARN_DOCUMENTATION_COMMENTS = YES;
				CLANG_WARN_EMPTY_BODY = YES;
				CLANG_WARN_ENUM_CONVERSION = YES;
				CLANG_WARN_INFINITE_RECURSION = YES;
				CLANG_WARN_INT_CONVERSION = YES;
				CLANG_WARN_OBJC_ROOT_CLASS = YES_ERROR;
				CLANG_WARN_SUSPICIOUS_MOVE = YES;
				CLANG_WARN_UNREACHABLE_CODE = YES;
				CLANG_WARN__DUPLICATE_METHOD_MATCH = YES;
				"CODE_SIGN_IDENTITY[sdk=iphoneos*]" = "iPhone Developer";
				COPY_PHASE_STRIP = NO;
				DEBUG_INFORMATION_FORMAT = "dwarf-with-dsym";
				ENABLE_NS_ASSERTIONS = NO;
				ENABLE_STRICT_OBJC_MSGSEND = YES;
				GCC_C_LANGUAGE_STANDARD = gnu99;
				GCC_NO_COMMON_BLOCKS = YES;
				GCC_WARN_64_TO_32_BIT_CONVERSION = YES;
				GCC_WARN_ABOUT_RETURN_TYPE = YES_ERROR;
				GCC_WARN_UNDECLARED_SELECTOR = YES;
				GCC_WARN_UNINITIALIZED_AUTOS = YES_AGGRESSIVE;
				GCC_WARN_UNUSED_FUNCTION = YES;
				GCC_WARN_UNUSED_VARIABLE = YES;
				IPHONEOS_DEPLOYMENT_TARGET = 10.2;
				MTL_ENABLE_DEBUG_INFO = NO;
				SDKROOT = iphoneos;
				VALIDATE_PRODUCT = YES;
			};
			name = Release;
		};
		9A7DBA5D1E52E11500ED791D /* Debug */ = {
			isa = XCBuildConfiguration;
			buildSettings = {
				ASSETCATALOG_COMPILER_APPICON_NAME = AppIcon;
				DEVELOPMENT_TEAM = 7SL7B4MD27;
				INFOPLIST_FILE = OCToJS/Info.plist;
				LD_RUNPATH_SEARCH_PATHS = "$(inherited) @executable_path/Frameworks";
				PRODUCT_BUNDLE_IDENTIFIER = com.hyn.OCToJS;
				PRODUCT_NAME = "$(TARGET_NAME)";
			};
			name = Debug;
		};
		9A7DBA5E1E52E11500ED791D /* Release */ = {
			isa = XCBuildConfiguration;
			buildSettings = {
				ASSETCATALOG_COMPILER_APPICON_NAME = AppIcon;
				DEVELOPMENT_TEAM = 7SL7B4MD27;
				INFOPLIST_FILE = OCToJS/Info.plist;
				LD_RUNPATH_SEARCH_PATHS = "$(inherited) @executable_path/Frameworks";
				PRODUCT_BUNDLE_IDENTIFIER = com.hyn.OCToJS;
				PRODUCT_NAME = "$(TARGET_NAME)";
			};
			name = Release;
		};
/* End XCBuildConfiguration section */

/* Begin XCConfigurationList section */
		9A7DBA401E52E11500ED791D /* Build configuration list for PBXProject "OCToJS" */ = {
			isa = XCConfigurationList;
			buildConfigurations = (
				9A7DBA5A1E52E11500ED791D /* Debug */,
				9A7DBA5B1E52E11500ED791D /* Release */,
			);
			defaultConfigurationIsVisible = 0;
			defaultConfigurationName = Release;
		};
		9A7DBA5C1E52E11500ED791D /* Build configuration list for PBXNativeTarget "OCToJS" */ = {
			isa = XCConfigurationList;
			buildConfigurations = (
				9A7DBA5D1E52E11500ED791D /* Debug */,
				9A7DBA5E1E52E11500ED791D /* Release */,
			);
			defaultConfigurationIsVisible = 0;
			defaultConfigurationName = Release;
		};
/* End XCConfigurationList section */
	};
	rootObject = 9A7DBA3D1E52E11500ED791D /* Project object */;
}
